
Microsoft Visual Studio Solution File, Format Version 12.00
# Visual Studio 15
Project("{FAE04EC0-301F-11D3-BF4B-00C04F79EFBC}") = "Assembly-CSharp", "Assembly-CSharp.csproj", "{7079717E-6BDC-1628-7A13-949307B5AA28}"
EndProject
Project("{FAE04EC0-301F-11D3-BF4B-00C04F79EFBC}") = "BlockadeLabsSDK.Editor", "BlockadeLabsSDK.Editor.csproj", "{D375427B-4007-E808-69B2-46F680007317}"
EndProject
Project("{FAE04EC0-301F-11D3-BF4B-00C04F79EFBC}") = "BlockadeLabsSDK.Runtime", "BlockadeLabsSDK.Runtime.csproj", "{FFB3F410-C6FD-A1F1-9AD4-A2ADBCEDE2C3}"
EndProject
Global
	GlobalSection(SolutionConfigurationPlatforms) = preSolution
		Debug|Any CPU = Debug|Any CPU
		Release|Any CPU = Release|Any CPU
	EndGlobalSection
	GlobalSection(ProjectConfigurationPlatforms) = postSolution
		{7079717E-6BDC-1628-7A13-949307B5AA28}.Debug|Any CPU.ActiveCfg = Debug|Any CPU
		{7079717E-6BDC-1628-7A13-949307B5AA28}.Debug|Any CPU.Build.0 = Debug|Any CPU
		{7079717E-6BDC-1628-7A13-949307B5AA28}.Release|Any CPU.ActiveCfg = Release|Any CPU
		{7079717E-6BDC-1628-7A13-949307B5AA28}.Release|Any CPU.Build.0 = Release|Any CPU
		{D375427B-4007-E808-69B2-46F680007317}.Debug|Any CPU.ActiveCfg = Debug|Any CPU
		{D375427B-4007-E808-69B2-46F680007317}.Debug|Any CPU.Build.0 = Debug|Any CPU
		{D375427B-4007-E808-69B2-46F680007317}.Release|Any CPU.ActiveCfg = Release|Any CPU
		{D375427B-4007-E808-69B2-46F680007317}.Release|Any CPU.Build.0 = Release|Any CPU
		{FFB3F410-C6FD-A1F1-9AD4-A2ADBCEDE2C3}.Debug|Any CPU.ActiveCfg = Debug|Any CPU
		{FFB3F410-C6FD-A1F1-9AD4-A2ADBCEDE2C3}.Debug|Any CPU.Build.0 = Debug|Any CPU
		{FFB3F410-C6FD-A1F1-9AD4-A2ADBCEDE2C3}.Release|Any CPU.ActiveCfg = Release|Any CPU
		{FFB3F410-C6FD-A1F1-9AD4-A2ADBCEDE2C3}.Release|Any CPU.Build.0 = Release|Any CPU
	EndGlobalSection
	GlobalSection(SolutionProperties) = preSolution
		HideSolutionNode = FALSE
	EndGlobalSection
EndGlobal
